
Microsoft Visual Studio Solution File, Format Version 10.00
# Visual Studio 2008
Project("{FAE04EC0-301F-11D3-BF4B-00C04F79EFBC}") = "SQLExtensions", "SQLExtensions\SQLExtensions.csproj", "{40B2567B-5509-487E-AAB0-05AF9F2EBEFD}"
EndProject
Global
	GlobalSection(SolutionConfigurationPlatforms) = preSolution
		Debug|Any CPU = Debug|Any CPU
		Release|Any CPU = Release|Any CPU
	EndGlobalSection
	GlobalSection(ProjectConfigurationPlatforms) = postSolution
		{40B2567B-5509-487E-AAB0-05AF9F2EBEFD}.Debug|Any CPU.ActiveCfg = Debug|Any CPU
		{40B2567B-5509-487E-AAB0-05AF9F2EBEFD}.Debug|Any CPU.Build.0 = Debug|Any CPU
		{40B2567B-5509-487E-AAB0-05AF9F2EBEFD}.Release|Any CPU.ActiveCfg = Release|Any CPU
		{40B2567B-5509-487E-AAB0-05AF9F2EBEFD}.Release|Any CPU.Build.0 = Release|Any CPU
	EndGlobalSection
	GlobalSection(SolutionProperties) = preSolution
		HideSolutionNode = FALSE
	EndGlobalSection
EndGlobal
